// !$*UTF8*$!
{
	archiveVersion = 1;
	classes = {
	};
	objectVersion = 56;
	objects = {

/* Begin PBXBuildFile section */
		A52F154E2C41589500646D74 /* ReaderApp.swift in Sources */ = {isa = PBXBuildFile; fileRef = A52F154D2C41589500646D74 /* ReaderApp.swift */; };
		A52F15522C41589500646D74 /* Assets.xcassets in Resources */ = {isa = PBXBuildFile; fileRef = A52F15512C41589500646D74 /* Assets.xcassets */; };
		A52F15562C41589600646D74 /* Preview Assets.xcassets in Resources */ = {isa = PBXBuildFile; fileRef = A52F15552C41589600646D74 /* Preview Assets.xcassets */; };
		A52F15602C41589600646D74 /* ReaderTests.swift in Sources */ = {isa = PBXBuildFile; fileRef = A52F155F2C41589600646D74 /* ReaderTests.swift */; };
		A52F156A2C41589600646D74 /* ReaderUITests.swift in Sources */ = {isa = PBXBuildFile; fileRef = A52F15692C41589600646D74 /* ReaderUITests.swift */; };
		A52F156C2C41589600646D74 /* ReaderUITestsLaunchTests.swift in Sources */ = {isa = PBXBuildFile; fileRef = A52F156B2C41589600646D74 /* ReaderUITestsLaunchTests.swift */; };
		A52F157C2C415B1300646D74 /* CheckIn.swift in Sources */ = {isa = PBXBuildFile; fileRef = A52F157B2C415B1300646D74 /* CheckIn.swift */; };
		A52F157E2C415B3000646D74 /* Detail.swift in Sources */ = {isa = PBXBuildFile; fileRef = A52F157D2C415B3000646D74 /* Detail.swift */; };
		A52F15802C415B4900646D74 /* Locked.swift in Sources */ = {isa = PBXBuildFile; fileRef = A52F157F2C415B4900646D74 /* Locked.swift */; };
		A52F15822C415B6100646D74 /* Master.swift in Sources */ = {isa = PBXBuildFile; fileRef = A52F15812C415B6100646D74 /* Master.swift */; };
		A52F15842C415B7500646D74 /* NoteEntryAndList.swift in Sources */ = {isa = PBXBuildFile; fileRef = A52F15832C415B7500646D74 /* NoteEntryAndList.swift */; };
		A52F15862C415B9E00646D74 /* ReadingNote.swift in Sources */ = {isa = PBXBuildFile; fileRef = A52F15852C415B9E00646D74 /* ReadingNote.swift */; };
		A52F15882C415BB900646D74 /* RoundButton.swift in Sources */ = {isa = PBXBuildFile; fileRef = A52F15872C415BB900646D74 /* RoundButton.swift */; };
		A52F158A2C415BCC00646D74 /* Row.swift in Sources */ = {isa = PBXBuildFile; fileRef = A52F15892C415BCC00646D74 /* Row.swift */; };
		A52F158C2C415BE200646D74 /* SafariView.swift in Sources */ = {isa = PBXBuildFile; fileRef = A52F158B2C415BE200646D74 /* SafariView.swift */; };
		A52F158E2C415BF500646D74 /* Setting.swift in Sources */ = {isa = PBXBuildFile; fileRef = A52F158D2C415BF500646D74 /* Setting.swift */; };
		A52F15902C415C1000646D74 /* Vibration.swift in Sources */ = {isa = PBXBuildFile; fileRef = A52F158F2C415C1000646D74 /* Vibration.swift */; };
		A52F15922C415C7A00646D74 /* CloudData.swift in Sources */ = {isa = PBXBuildFile; fileRef = A52F15912C415C7A00646D74 /* CloudData.swift */; };
		A52F15942C415C9700646D74 /* LocationManger.swift in Sources */ = {isa = PBXBuildFile; fileRef = A52F15932C415C9700646D74 /* LocationManger.swift */; };
		A52F15962C415CAA00646D74 /* MotionManager.swift in Sources */ = {isa = PBXBuildFile; fileRef = A52F15952C415CAA00646D74 /* MotionManager.swift */; };
		A52F15982C415CBE00646D74 /* TabNoteData.swift in Sources */ = {isa = PBXBuildFile; fileRef = A52F15972C415CBE00646D74 /* TabNoteData.swift */; };
		A52F159A2C415CCF00646D74 /* TabReadingData.swift in Sources */ = {isa = PBXBuildFile; fileRef = A52F15992C415CCF00646D74 /* TabReadingData.swift */; };
		A52F159D2C415DB200646D74 /* ImagePickerView in Frameworks */ = {isa = PBXBuildFile; productRef = A52F159C2C415DB200646D74 /* ImagePickerView */; };
/* End PBXBuildFile section */

/* Begin PBXContainerItemProxy section */
		A52F155C2C41589600646D74 /* PBXContainerItemProxy */ = {
			isa = PBXContainerItemProxy;
			containerPortal = A52F15422C41589500646D74 /* Project object */;
			proxyType = 1;
			remoteGlobalIDString = A52F15492C41589500646D74;
			remoteInfo = Reader;
		};
		A52F15662C41589600646D74 /* PBXContainerItemProxy */ = {
			isa = PBXContainerItemProxy;
			containerPortal = A52F15422C41589500646D74 /* Project object */;
			proxyType = 1;
			remoteGlobalIDString = A52F15492C41589500646D74;
			remoteInfo = Reader;
		};
/* End PBXContainerItemProxy section */

/* Begin PBXFileReference section */
		A52F154A2C41589500646D74 /* Reader.app */ = {isa = PBXFileReference; explicitFileType = wrapper.application; includeInIndex = 0; path = Reader.app; sourceTree = BUILT_PRODUCTS_DIR; };
		A52F154D2C41589500646D74 /* ReaderApp.swift */ = {isa = PBXFileReference; lastKnownFileType = sourcecode.swift; path = ReaderApp.swift; sourceTree = "<group>"; };
		A52F15512C41589500646D74 /* Assets.xcassets */ = {isa = PBXFileReference; lastKnownFileType = folder.assetcatalog; path = Assets.xcassets; sourceTree = "<group>"; };
		A52F15532C41589600646D74 /* Reader.entitlements */ = {isa = PBXFileReference; lastKnownFileType = text.plist.entitlements; path = Reader.entitlements; sourceTree = "<group>"; };
		A52F15552C41589600646D74 /* Preview Assets.xcassets */ = {isa = PBXFileReference; lastKnownFileType = folder.assetcatalog; path = "Preview Assets.xcassets"; sourceTree = "<group>"; };
		A52F155B2C41589600646D74 /* ReaderTests.xctest */ = {isa = PBXFileReference; explicitFileType = wrapper.cfbundle; includeInIndex = 0; path = ReaderTests.xctest; sourceTree = BUILT_PRODUCTS_DIR; };
		A52F155F2C41589600646D74 /* ReaderTests.swift */ = {isa = PBXFileReference; lastKnownFileType = sourcecode.swift; path = ReaderTests.swift; sourceTree = "<group>"; };
		A52F15652C41589600646D74 /* ReaderUITests.xctest */ = {isa = PBXFileReference; explicitFileType = wrapper.cfbundle; includeInIndex = 0; path = ReaderUITests.xctest; sourceTree = BUILT_PRODUCTS_DIR; };
		A52F15692C41589600646D74 /* ReaderUITests.swift */ = {isa = PBXFileReference; lastKnownFileType = sourcecode.swift; path = ReaderUITests.swift; sourceTree = "<group>"; };
		A52F156B2C41589600646D74 /* ReaderUITestsLaunchTests.swift */ = {isa = PBXFileReference; lastKnownFileType = sourcecode.swift; path = ReaderUITestsLaunchTests.swift; sourceTree = "<group>"; };
		A52F157B2C415B1300646D74 /* CheckIn.swift */ = {isa = PBXFileReference; lastKnownFileType = sourcecode.swift; path = CheckIn.swift; sourceTree = "<group>"; };
		A52F157D2C415B3000646D74 /* Detail.swift */ = {isa = PBXFileReference; lastKnownFileType = sourcecode.swift; path = Detail.swift; sourceTree = "<group>"; };
		A52F157F2C415B4900646D74 /* Locked.swift */ = {isa = PBXFileReference; lastKnownFileType = sourcecode.swift; path = Locked.swift; sourceTree = "<group>"; };
		A52F15812C415B6100646D74 /* Master.swift */ = {isa = PBXFileReference; lastKnownFileType = sourcecode.swift; path = Master.swift; sourceTree = "<group>"; };
		A52F15832C415B7500646D74 /* NoteEntryAndList.swift */ = {isa = PBXFileReference; lastKnownFileType = sourcecode.swift; path = NoteEntryAndList.swift; sourceTree = "<group>"; };
		A52F15852C415B9E00646D74 /* ReadingNote.swift */ = {isa = PBXFileReference; lastKnownFileType = sourcecode.swift; path = ReadingNote.swift; sourceTree = "<group>"; };
		A52F15872C415BB900646D74 /* RoundButton.swift */ = {isa = PBXFileReference; lastKnownFileType = sourcecode.swift; path = RoundButton.swift; sourceTree = "<group>"; };
		A52F15892C415BCC00646D74 /* Row.swift */ = {isa = PBXFileReference; lastKnownFileType = sourcecode.swift; path = Row.swift; sourceTree = "<group>"; };
		A52F158B2C415BE200646D74 /* SafariView.swift */ = {isa = PBXFileReference; lastKnownFileType = sourcecode.swift; path = SafariView.swift; sourceTree = "<group>"; };
		A52F158D2C415BF500646D74 /* Setting.swift */ = {isa = PBXFileReference; lastKnownFileType = sourcecode.swift; path = Setting.swift; sourceTree = "<group>"; };
		A52F158F2C415C1000646D74 /* Vibration.swift */ = {isa = PBXFileReference; lastKnownFileType = sourcecode.swift; path = Vibration.swift; sourceTree = "<group>"; };
		A52F15912C415C7A00646D74 /* CloudData.swift */ = {isa = PBXFileReference; lastKnownFileType = sourcecode.swift; path = CloudData.swift; sourceTree = "<group>"; };
		A52F15932C415C9700646D74 /* LocationManger.swift */ = {isa = PBXFileReference; lastKnownFileType = sourcecode.swift; path = LocationManger.swift; sourceTree = "<group>"; };
		A52F15952C415CAA00646D74 /* MotionManager.swift */ = {isa = PBXFileReference; lastKnownFileType = sourcecode.swift; path = MotionManager.swift; sourceTree = "<group>"; };
		A52F15972C415CBE00646D74 /* TabNoteData.swift */ = {isa = PBXFileReference; lastKnownFileType = sourcecode.swift; path = TabNoteData.swift; sourceTree = "<group>"; };
		A52F15992C415CCF00646D74 /* TabReadingData.swift */ = {isa = PBXFileReference; lastKnownFileType = sourcecode.swift; path = TabReadingData.swift; sourceTree = "<group>"; };
/* End PBXFileReference section */

/* Begin PBXFrameworksBuildPhase section */
		A52F15472C41589500646D74 /* Frameworks */ = {
			isa = PBXFrameworksBuildPhase;
			buildActionMask = 2147483647;
			files = (
				A52F159D2C415DB200646D74 /* ImagePickerView in Frameworks */,
			);
			runOnlyForDeploymentPostprocessing = 0;
		};
		A52F15582C41589600646D74 /* Frameworks */ = {
			isa = PBXFrameworksBuildPhase;
			buildActionMask = 2147483647;
			files = (
			);
			runOnlyForDeploymentPostprocessing = 0;
		};
		A52F15622C41589600646D74 /* Frameworks */ = {
			isa = PBXFrameworksBuildPhase;
			buildActionMask = 2147483647;
			files = (
			);
			runOnlyForDeploymentPostprocessing = 0;
		};
/* End PBXFrameworksBuildPhase section */

/* Begin PBXGroup section */
		A52F15412C41589500646D74 = {
			isa = PBXGroup;
			children = (
				A52F154C2C41589500646D74 /* Reader */,
				A52F155E2C41589600646D74 /* ReaderTests */,
				A52F15682C41589600646D74 /* ReaderUITests */,
				A52F154B2C41589500646D74 /* Products */,
			);
			sourceTree = "<group>";
		};
		A52F154B2C41589500646D74 /* Products */ = {
			isa = PBXGroup;
			children = (
				A52F154A2C41589500646D74 /* Reader.app */,
				A52F155B2C41589600646D74 /* ReaderTests.xctest */,
				A52F15652C41589600646D74 /* ReaderUITests.xctest */,
			);
			name = Products;
			sourceTree = "<group>";
		};
		A52F154C2C41589500646D74 /* Reader */ = {
			isa = PBXGroup;
			children = (
				A52F15782C41596300646D74 /* Views */,
				A52F15792C41597000646D74 /* ViewModels */,
				A52F157A2C415A3700646D74 /* Models */,
				A52F15512C41589500646D74 /* Assets.xcassets */,
				A52F15532C41589600646D74 /* Reader.entitlements */,
				A52F15542C41589600646D74 /* Preview Content */,
			);
			path = Reader;
			sourceTree = "<group>";
		};
		A52F15542C41589600646D74 /* Preview Content */ = {
			isa = PBXGroup;
			children = (
				A52F15552C41589600646D74 /* Preview Assets.xcassets */,
			);
			path = "Preview Content";
			sourceTree = "<group>";
		};
		A52F155E2C41589600646D74 /* ReaderTests */ = {
			isa = PBXGroup;
			children = (
				A52F155F2C41589600646D74 /* ReaderTests.swift */,
			);
			path = ReaderTests;
			sourceTree = "<group>";
		};
		A52F15682C41589600646D74 /* ReaderUITests */ = {
			isa = PBXGroup;
			children = (
				A52F15692C41589600646D74 /* ReaderUITests.swift */,
				A52F156B2C41589600646D74 /* ReaderUITestsLaunchTests.swift */,
			);
			path = ReaderUITests;
			sourceTree = "<group>";
		};
		A52F15782C41596300646D74 /* Views */ = {
			isa = PBXGroup;
			children = (
				A52F154D2C41589500646D74 /* ReaderApp.swift */,
				A52F157B2C415B1300646D74 /* CheckIn.swift */,
				A52F157D2C415B3000646D74 /* Detail.swift */,
				A52F157F2C415B4900646D74 /* Locked.swift */,
				A52F15812C415B6100646D74 /* Master.swift */,
				A52F15832C415B7500646D74 /* NoteEntryAndList.swift */,
				A52F15852C415B9E00646D74 /* ReadingNote.swift */,
				A52F15872C415BB900646D74 /* RoundButton.swift */,
				A52F15892C415BCC00646D74 /* Row.swift */,
				A52F158B2C415BE200646D74 /* SafariView.swift */,
				A52F158D2C415BF500646D74 /* Setting.swift */,
				A52F158F2C415C1000646D74 /* Vibration.swift */,
			);
			path = Views;
			sourceTree = "<group>";
		};
		A52F15792C41597000646D74 /* ViewModels */ = {
			isa = PBXGroup;
			children = (
				A52F15912C415C7A00646D74 /* CloudData.swift */,
				A52F15932C415C9700646D74 /* LocationManger.swift */,
				A52F15952C415CAA00646D74 /* MotionManager.swift */,
				A52F15972C415CBE00646D74 /* TabNoteData.swift */,
				A52F15992C415CCF00646D74 /* TabReadingData.swift */,
			);
			path = ViewModels;
			sourceTree = "<group>";
		};
		A52F157A2C415A3700646D74 /* Models */ = {
			isa = PBXGroup;
			children = (
			);
			path = Models;
			sourceTree = "<group>";
		};
/* End PBXGroup section */

/* Begin PBXNativeTarget section */
		A52F15492C41589500646D74 /* Reader */ = {
			isa = PBXNativeTarget;
			buildConfigurationList = A52F156F2C41589600646D74 /* Build configuration list for PBXNativeTarget "Reader" */;
			buildPhases = (
				A52F15462C41589500646D74 /* Sources */,
				A52F15472C41589500646D74 /* Frameworks */,
				A52F15482C41589500646D74 /* Resources */,
			);
			buildRules = (
			);
			dependencies = (
			);
			name = Reader;
			packageProductDependencies = (
				A52F159C2C415DB200646D74 /* ImagePickerView */,
			);
			productName = Reader;
			productReference = A52F154A2C41589500646D74 /* Reader.app */;
			productType = "com.apple.product-type.application";
		};
		A52F155A2C41589600646D74 /* ReaderTests */ = {
			isa = PBXNativeTarget;
			buildConfigurationList = A52F15722C41589600646D74 /* Build configuration list for PBXNativeTarget "ReaderTests" */;
			buildPhases = (
				A52F15572C41589600646D74 /* Sources */,
				A52F15582C41589600646D74 /* Frameworks */,
				A52F15592C41589600646D74 /* Resources */,
			);
			buildRules = (
			);
			dependencies = (
				A52F155D2C41589600646D74 /* PBXTargetDependency */,
			);
			name = ReaderTests;
			productName = ReaderTests;
			productReference = A52F155B2C41589600646D74 /* ReaderTests.xctest */;
			productType = "com.apple.product-type.bundle.unit-test";
		};
		A52F15642C41589600646D74 /* ReaderUITests */ = {
			isa = PBXNativeTarget;
			buildConfigurationList = A52F15752C41589600646D74 /* Build configuration list for PBXNativeTarget "ReaderUITests" */;
			buildPhases = (
				A52F15612C41589600646D74 /* Sources */,
				A52F15622C41589600646D74 /* Frameworks */,
				A52F15632C41589600646D74 /* Resources */,
			);
			buildRules = (
			);
			dependencies = (
				A52F15672C41589600646D74 /* PBXTargetDependency */,
			);
			name = ReaderUITests;
			productName = ReaderUITests;
			productReference = A52F15652C41589600646D74 /* ReaderUITests.xctest */;
			productType = "com.apple.product-type.bundle.ui-testing";
		};
/* End PBXNativeTarget section */

/* Begin PBXProject section */
		A52F15422C41589500646D74 /* Project object */ = {
			isa = PBXProject;
			attributes = {
				BuildIndependentTargetsInParallel = 1;
				LastSwiftUpdateCheck = 1540;
				LastUpgradeCheck = 1540;
				TargetAttributes = {
					A52F15492C41589500646D74 = {
						CreatedOnToolsVersion = 15.4;
					};
					A52F155A2C41589600646D74 = {
						CreatedOnToolsVersion = 15.4;
						TestTargetID = A52F15492C41589500646D74;
					};
					A52F15642C41589600646D74 = {
						CreatedOnToolsVersion = 15.4;
						TestTargetID = A52F15492C41589500646D74;
					};
				};
			};
			buildConfigurationList = A52F15452C41589500646D74 /* Build configuration list for PBXProject "Reader" */;
			compatibilityVersion = "Xcode 14.0";
			developmentRegion = en;
			hasScannedForEncodings = 0;
			knownRegions = (
				en,
				Base,
			);
			mainGroup = A52F15412C41589500646D74;
			packageReferences = (
				A52F159B2C415DB200646D74 /* XCRemoteSwiftPackageReference "ImagePickerView" */,
			);
			productRefGroup = A52F154B2C41589500646D74 /* Products */;
			projectDirPath = "";
			projectRoot = "";
			targets = (
				A52F15492C41589500646D74 /* Reader */,
				A52F155A2C41589600646D74 /* ReaderTests */,
				A52F15642C41589600646D74 /* ReaderUITests */,
			);
		};
/* End PBXProject section */

/* Begin PBXResourcesBuildPhase section */
		A52F15482C41589500646D74 /* Resources */ = {
			isa = PBXResourcesBuildPhase;
			buildActionMask = 2147483647;
			files = (
				A52F15562C41589600646D74 /* Preview Assets.xcassets in Resources */,
				A52F15522C41589500646D74 /* Assets.xcassets in Resources */,
			);
			runOnlyForDeploymentPostprocessing = 0;
		};
		A52F15592C41589600646D74 /* Resources */ = {
			isa = PBXResourcesBuildPhase;
			buildActionMask = 2147483647;
			files = (
			);
			runOnlyForDeploymentPostprocessing = 0;
		};
		A52F15632C41589600646D74 /* Resources */ = {
			isa = PBXResourcesBuildPhase;
			buildActionMask = 2147483647;
			files = (
			);
			runOnlyForDeploymentPostprocessing = 0;
		};
/* End PBXResourcesBuildPhase section */

/* Begin PBXSourcesBuildPhase section */
		A52F15462C41589500646D74 /* Sources */ = {
			isa = PBXSourcesBuildPhase;
			buildActionMask = 2147483647;
			files = (
				A52F15882C415BB900646D74 /* RoundButton.swift in Sources */,
				A52F158C2C415BE200646D74 /* SafariView.swift in Sources */,
				A52F158E2C415BF500646D74 /* Setting.swift in Sources */,
				A52F15942C415C9700646D74 /* LocationManger.swift in Sources */,
				A52F15802C415B4900646D74 /* Locked.swift in Sources */,
				A52F157C2C415B1300646D74 /* CheckIn.swift in Sources */,
				A52F15822C415B6100646D74 /* Master.swift in Sources */,
				A52F15922C415C7A00646D74 /* CloudData.swift in Sources */,
				A52F15862C415B9E00646D74 /* ReadingNote.swift in Sources */,
				A52F15842C415B7500646D74 /* NoteEntryAndList.swift in Sources */,
				A52F15982C415CBE00646D74 /* TabNoteData.swift in Sources */,
				A52F159A2C415CCF00646D74 /* TabReadingData.swift in Sources */,
				A52F157E2C415B3000646D74 /* Detail.swift in Sources */,
				A52F158A2C415BCC00646D74 /* Row.swift in Sources */,
				A52F15902C415C1000646D74 /* Vibration.swift in Sources */,
				A52F154E2C41589500646D74 /* ReaderApp.swift in Sources */,
				A52F15962C415CAA00646D74 /* MotionManager.swift in Sources */,
			);
			runOnlyForDeploymentPostprocessing = 0;
		};
		A52F15572C41589600646D74 /* Sources */ = {
			isa = PBXSourcesBuildPhase;
			buildActionMask = 2147483647;
			files = (
				A52F15602C41589600646D74 /* ReaderTests.swift in Sources */,
			);
			runOnlyForDeploymentPostprocessing = 0;
		};
		A52F15612C41589600646D74 /* Sources */ = {
			isa = PBXSourcesBuildPhase;
			buildActionMask = 2147483647;
			files = (
				A52F156A2C41589600646D74 /* ReaderUITests.swift in Sources */,
				A52F156C2C41589600646D74 /* ReaderUITestsLaunchTests.swift in Sources */,
			);
			runOnlyForDeploymentPostprocessing = 0;
		};
/* End PBXSourcesBuildPhase section */

/* Begin PBXTargetDependency section */
		A52F155D2C41589600646D74 /* PBXTargetDependency */ = {
			isa = PBXTargetDependency;
			target = A52F15492C41589500646D74 /* Reader */;
			targetProxy = A52F155C2C41589600646D74 /* PBXContainerItemProxy */;
		};
		A52F15672C41589600646D74 /* PBXTargetDependency */ = {
			isa = PBXTargetDependency;
			target = A52F15492C41589500646D74 /* Reader */;
			targetProxy = A52F15662C41589600646D74 /* PBXContainerItemProxy */;
		};
/* End PBXTargetDependency section */

/* Begin XCBuildConfiguration section */
		A52F156D2C41589600646D74 /* Debug */ = {
			isa = XCBuildConfiguration;
			buildSettings = {
				ALWAYS_SEARCH_USER_PATHS = NO;
				ASSETCATALOG_COMPILER_GENERATE_SWIFT_ASSET_SYMBOL_EXTENSIONS = YES;
				CLANG_ANALYZER_NONNULL = YES;
				CLANG_ANALYZER_NUMBER_OBJECT_CONVERSION = YES_AGGRESSIVE;
				CLANG_CXX_LANGUAGE_STANDARD = "gnu++20";
				CLANG_ENABLE_MODULES = YES;
				CLANG_ENABLE_OBJC_ARC = YES;
				CLANG_ENABLE_OBJC_WEAK = YES;
				CLANG_WARN_BLOCK_CAPTURE_AUTORELEASING = YES;
				CLANG_WARN_BOOL_CONVERSION = YES;
				CLANG_WARN_COMMA = YES;
				CLANG_WARN_CONSTANT_CONVERSION = YES;
				CLANG_WARN_DEPRECATED_OBJC_IMPLEMENTATIONS = YES;
				CLANG_WARN_DIRECT_OBJC_ISA_USAGE = YES_ERROR;
				CLANG_WARN_DOCUMENTATION_COMMENTS = YES;
				CLANG_WARN_EMPTY_BODY = YES;
				CLANG_WARN_ENUM_CONVERSION = YES;
				CLANG_WARN_INFINITE_RECURSION = YES;
				CLANG_WARN_INT_CONVERSION = YES;
				CLANG_WARN_NON_LITERAL_NULL_CONVERSION = YES;
				CLANG_WARN_OBJC_IMPLICIT_RETAIN_SELF = YES;
				CLANG_WARN_OBJC_LITERAL_CONVERSION = YES;
				CLANG_WARN_OBJC_ROOT_CLASS = YES_ERROR;
				CLANG_WARN_QUOTED_INCLUDE_IN_FRAMEWORK_HEADER = YES;
				CLANG_WARN_RANGE_LOOP_ANALYSIS = YES;
				CLANG_WARN_STRICT_PROTOTYPES = YES;
				CLANG_WARN_SUSPICIOUS_MOVE = YES;
				CLANG_WARN_UNGUARDED_AVAILABILITY = YES_AGGRESSIVE;
				CLANG_WARN_UNREACHABLE_CODE = YES;
				CLANG_WARN__DUPLICATE_METHOD_MATCH = YES;
				COPY_PHASE_STRIP = NO;
				DEBUG_INFORMATION_FORMAT = dwarf;
				ENABLE_STRICT_OBJC_MSGSEND = YES;
				ENABLE_TESTABILITY = YES;
				ENABLE_USER_SCRIPT_SANDBOXING = YES;
				GCC_C_LANGUAGE_STANDARD = gnu17;
				GCC_DYNAMIC_NO_PIC = NO;
				GCC_NO_COMMON_BLOCKS = YES;
				GCC_OPTIMIZATION_LEVEL = 0;
				GCC_PREPROCESSOR_DEFINITIONS = (
					"DEBUG=1",
					"$(inherited)",
				);
				GCC_WARN_64_TO_32_BIT_CONVERSION = YES;
				GCC_WARN_ABOUT_RETURN_TYPE = YES_ERROR;
				GCC_WARN_UNDECLARED_SELECTOR = YES;
				GCC_WARN_UNINITIALIZED_AUTOS = YES_AGGRESSIVE;
				GCC_WARN_UNUSED_FUNCTION = YES;
				GCC_WARN_UNUSED_VARIABLE = YES;
				LOCALIZATION_PREFERS_STRING_CATALOGS = YES;
				MTL_ENABLE_DEBUG_INFO = INCLUDE_SOURCE;
				MTL_FAST_MATH = YES;
				ONLY_ACTIVE_ARCH = YES;
				SWIFT_ACTIVE_COMPILATION_CONDITIONS = "DEBUG $(inherited)";
				SWIFT_OPTIMIZATION_LEVEL = "-Onone";
			};
			name = Debug;
		};
		A52F156E2C41589600646D74 /* Release */ = {
			isa = XCBuildConfiguration;
			buildSettings = {
				ALWAYS_SEARCH_USER_PATHS = NO;
				ASSETCATALOG_COMPILER_GENERATE_SWIFT_ASSET_SYMBOL_EXTENSIONS = YES;
				CLANG_ANALYZER_NONNULL = YES;
				CLANG_ANALYZER_NUMBER_OBJECT_CONVERSION = YES_AGGRESSIVE;
				CLANG_CXX_LANGUAGE_STANDARD = "gnu++20";
				CLANG_ENABLE_MODULES = YES;
				CLANG_ENABLE_OBJC_ARC = YES;
				CLANG_ENABLE_OBJC_WEAK = YES;
				CLANG_WARN_BLOCK_CAPTURE_AUTORELEASING = YES;
				CLANG_WARN_BOOL_CONVERSION = YES;
				CLANG_WARN_COMMA = YES;
				CLANG_WARN_CONSTANT_CONVERSION = YES;
				CLANG_WARN_DEPRECATED_OBJC_IMPLEMENTATIONS = YES;
				CLANG_WARN_DIRECT_OBJC_ISA_USAGE = YES_ERROR;
				CLANG_WARN_DOCUMENTATION_COMMENTS = YES;
				CLANG_WARN_EMPTY_BODY = YES;
				CLANG_WARN_ENUM_CONVERSION = YES;
				CLANG_WARN_INFINITE_RECURSION = YES;
				CLANG_WARN_INT_CONVERSION = YES;
				CLANG_WARN_NON_LITERAL_NULL_CONVERSION = YES;
				CLANG_WARN_OBJC_IMPLICIT_RETAIN_SELF = YES;
				CLANG_WARN_OBJC_LITERAL_CONVERSION = YES;
				CLANG_WARN_OBJC_ROOT_CLASS = YES_ERROR;
				CLANG_WARN_QUOTED_INCLUDE_IN_FRAMEWORK_HEADER = YES;
				CLANG_WARN_RANGE_LOOP_ANALYSIS = YES;
				CLANG_WARN_STRICT_PROTOTYPES = YES;
				CLANG_WARN_SUSPICIOUS_MOVE = YES;
				CLANG_WARN_UNGUARDED_AVAILABILITY = YES_AGGRESSIVE;
				CLANG_WARN_UNREACHABLE_CODE = YES;
				CLANG_WARN__DUPLICATE_METHOD_MATCH = YES;
				COPY_PHASE_STRIP = NO;
				DEBUG_INFORMATION_FORMAT = "dwarf-with-dsym";
				ENABLE_NS_ASSERTIONS = NO;
				ENABLE_STRICT_OBJC_MSGSEND = YES;
				ENABLE_USER_SCRIPT_SANDBOXING = YES;
				GCC_C_LANGUAGE_STANDARD = gnu17;
				GCC_NO_COMMON_BLOCKS = YES;
				GCC_WARN_64_TO_32_BIT_CONVERSION = YES;
				GCC_WARN_ABOUT_RETURN_TYPE = YES_ERROR;
				GCC_WARN_UNDECLARED_SELECTOR = YES;
				GCC_WARN_UNINITIALIZED_AUTOS = YES_AGGRESSIVE;
				GCC_WARN_UNUSED_FUNCTION = YES;
				GCC_WARN_UNUSED_VARIABLE = YES;
				LOCALIZATION_PREFERS_STRING_CATALOGS = YES;
				MTL_ENABLE_DEBUG_INFO = NO;
				MTL_FAST_MATH = YES;
				SWIFT_COMPILATION_MODE = wholemodule;
			};
			name = Release;
		};
		A52F15702C41589600646D74 /* Debug */ = {
			isa = XCBuildConfiguration;
			buildSettings = {
				ASSETCATALOG_COMPILER_APPICON_NAME = AppIcon;
				ASSETCATALOG_COMPILER_GLOBAL_ACCENT_COLOR_NAME = AccentColor;
				CODE_SIGN_ENTITLEMENTS = Reader/Reader.entitlements;
				CODE_SIGN_STYLE = Automatic;
				CURRENT_PROJECT_VERSION = 1;
				DEVELOPMENT_ASSET_PATHS = "\"Reader/Preview Content\"";
				DEVELOPMENT_TEAM = RX3P7G885M;
				ENABLE_HARDENED_RUNTIME = YES;
				ENABLE_PREVIEWS = YES;
				GENERATE_INFOPLIST_FILE = YES;
				INFOPLIST_KEY_NSFaceIDUsageDescription = "解锁应用";
				INFOPLIST_KEY_NSLocationWhenInUseUsageDescription = "新建笔记时，存储记笔记时的位置信息";
				"INFOPLIST_KEY_UIApplicationSceneManifest_Generation[sdk=iphoneos*]" = YES;
				"INFOPLIST_KEY_UIApplicationSceneManifest_Generation[sdk=iphonesimulator*]" = YES;
				"INFOPLIST_KEY_UIApplicationSupportsIndirectInputEvents[sdk=iphoneos*]" = YES;
				"INFOPLIST_KEY_UIApplicationSupportsIndirectInputEvents[sdk=iphonesimulator*]" = YES;
				"INFOPLIST_KEY_UILaunchScreen_Generation[sdk=iphoneos*]" = YES;
				"INFOPLIST_KEY_UILaunchScreen_Generation[sdk=iphonesimulator*]" = YES;
				"INFOPLIST_KEY_UIStatusBarStyle[sdk=iphoneos*]" = UIStatusBarStyleDefault;
				"INFOPLIST_KEY_UIStatusBarStyle[sdk=iphonesimulator*]" = UIStatusBarStyleDefault;
				INFOPLIST_KEY_UISupportedInterfaceOrientations_iPad = "UIInterfaceOrientationPortrait UIInterfaceOrientationPortraitUpsideDown UIInterfaceOrientationLandscapeLeft UIInterfaceOrientationLandscapeRight";
				INFOPLIST_KEY_UISupportedInterfaceOrientations_iPhone = "UIInterfaceOrientationPortrait UIInterfaceOrientationLandscapeLeft UIInterfaceOrientationLandscapeRight";
				IPHONEOS_DEPLOYMENT_TARGET = 17.5;
				LD_RUNPATH_SEARCH_PATHS = "@executable_path/Frameworks";
				"LD_RUNPATH_SEARCH_PATHS[sdk=macosx*]" = "@executable_path/../Frameworks";
				MACOSX_DEPLOYMENT_TARGET = 14.5;
				MARKETING_VERSION = 1.0;
				PRODUCT_BUNDLE_IDENTIFIER = runedance.Reader;
				PRODUCT_NAME = "$(TARGET_NAME)";
				SDKROOT = auto;
				SUPPORTED_PLATFORMS = "iphoneos iphonesimulator macosx";
				SWIFT_EMIT_LOC_STRINGS = YES;
				SWIFT_VERSION = 5.0;
				TARGETED_DEVICE_FAMILY = "1,2";
			};
			name = Debug;
		};
		A52F15712C41589600646D74 /* Release */ = {
			isa = XCBuildConfiguration;
			buildSettings = {
				ASSETCATALOG_COMPILER_APPICON_NAME = AppIcon;
				ASSETCATALOG_COMPILER_GLOBAL_ACCENT_COLOR_NAME = AccentColor;
				CODE_SIGN_ENTITLEMENTS = Reader/Reader.entitlements;
				CODE_SIGN_STYLE = Automatic;
				CURRENT_PROJECT_VERSION = 1;
				DEVELOPMENT_ASSET_PATHS = "\"Reader/Preview Content\"";
				DEVELOPMENT_TEAM = RX3P7G885M;
				ENABLE_HARDENED_RUNTIME = YES;
				ENABLE_PREVIEWS = YES;
				GENERATE_INFOPLIST_FILE = YES;
				INFOPLIST_KEY_NSFaceIDUsageDescription = "解锁应用";
				INFOPLIST_KEY_NSLocationWhenInUseUsageDescription = "新建笔记时，存储记笔记时的位置信息";
				"INFOPLIST_KEY_UIApplicationSceneManifest_Generation[sdk=iphoneos*]" = YES;
				"INFOPLIST_KEY_UIApplicationSceneManifest_Generation[sdk=iphonesimulator*]" = YES;
				"INFOPLIST_KEY_UIApplicationSupportsIndirectInputEvents[sdk=iphoneos*]" = YES;
				"INFOPLIST_KEY_UIApplicationSupportsIndirectInputEvents[sdk=iphonesimulator*]" = YES;
				"INFOPLIST_KEY_UILaunchScreen_Generation[sdk=iphoneos*]" = YES;
				"INFOPLIST_KEY_UILaunchScreen_Generation[sdk=iphonesimulator*]" = YES;
				"INFOPLIST_KEY_UIStatusBarStyle[sdk=iphoneos*]" = UIStatusBarStyleDefault;
				"INFOPLIST_KEY_UIStatusBarStyle[sdk=iphonesimulator*]" = UIStatusBarStyleDefault;
				INFOPLIST_KEY_UISupportedInterfaceOrientations_iPad = "UIInterfaceOrientationPortrait UIInterfaceOrientationPortraitUpsideDown UIInterfaceOrientationLandscapeLeft UIInterfaceOrientationLandscapeRight";
				INFOPLIST_KEY_UISupportedInterfaceOrientations_iPhone = "UIInterfaceOrientationPortrait UIInterfaceOrientationLandscapeLeft UIInterfaceOrientationLandscapeRight";
				IPHONEOS_DEPLOYMENT_TARGET = 17.5;
				LD_RUNPATH_SEARCH_PATHS = "@executable_path/Frameworks";
				"LD_RUNPATH_SEARCH_PATHS[sdk=macosx*]" = "@executable_path/../Frameworks";
				MACOSX_DEPLOYMENT_TARGET = 14.5;
				MARKETING_VERSION = 1.0;
				PRODUCT_BUNDLE_IDENTIFIER = runedance.Reader;
				PRODUCT_NAME = "$(TARGET_NAME)";
				SDKROOT = auto;
				SUPPORTED_PLATFORMS = "iphoneos iphonesimulator macosx";
				SWIFT_EMIT_LOC_STRINGS = YES;
				SWIFT_VERSION = 5.0;
				TARGETED_DEVICE_FAMILY = "1,2";
			};
			name = Release;
		};
		A52F15732C41589600646D74 /* Debug */ = {
			isa = XCBuildConfiguration;
			buildSettings = {
				ALWAYS_EMBED_SWIFT_STANDARD_LIBRARIES = YES;
				BUNDLE_LOADER = "$(TEST_HOST)";
				CODE_SIGN_STYLE = Automatic;
				CURRENT_PROJECT_VERSION = 1;
				DEVELOPMENT_TEAM = RX3P7G885M;
				GENERATE_INFOPLIST_FILE = YES;
				IPHONEOS_DEPLOYMENT_TARGET = 17.5;
				MACOSX_DEPLOYMENT_TARGET = 14.5;
				MARKETING_VERSION = 1.0;
				PRODUCT_BUNDLE_IDENTIFIER = runedance.ReaderTests;
				PRODUCT_NAME = "$(TARGET_NAME)";
				SDKROOT = auto;
				SUPPORTED_PLATFORMS = "iphoneos iphonesimulator macosx";
				SWIFT_EMIT_LOC_STRINGS = NO;
				SWIFT_VERSION = 5.0;
				TARGETED_DEVICE_FAMILY = "1,2";
				TEST_HOST = "$(BUILT_PRODUCTS_DIR)/Reader.app/$(BUNDLE_EXECUTABLE_FOLDER_PATH)/Reader";
			};
			name = Debug;
		};
		A52F15742C41589600646D74 /* Release */ = {
			isa = XCBuildConfiguration;
			buildSettings = {
				ALWAYS_EMBED_SWIFT_STANDARD_LIBRARIES = YES;
				BUNDLE_LOADER = "$(TEST_HOST)";
				CODE_SIGN_STYLE = Automatic;
				CURRENT_PROJECT_VERSION = 1;
				DEVELOPMENT_TEAM = RX3P7G885M;
				GENERATE_INFOPLIST_FILE = YES;
				IPHONEOS_DEPLOYMENT_TARGET = 17.5;
				MACOSX_DEPLOYMENT_TARGET = 14.5;
				MARKETING_VERSION = 1.0;
				PRODUCT_BUNDLE_IDENTIFIER = runedance.ReaderTests;
				PRODUCT_NAME = "$(TARGET_NAME)";
				SDKROOT = auto;
				SUPPORTED_PLATFORMS = "iphoneos iphonesimulator macosx";
				SWIFT_EMIT_LOC_STRINGS = NO;
				SWIFT_VERSION = 5.0;
				TARGETED_DEVICE_FAMILY = "1,2";
				TEST_HOST = "$(BUILT_PRODUCTS_DIR)/Reader.app/$(BUNDLE_EXECUTABLE_FOLDER_PATH)/Reader";
			};
			name = Release;
		};
		A52F15762C41589600646D74 /* Debug */ = {
			isa = XCBuildConfiguration;
			buildSettings = {
				ALWAYS_EMBED_SWIFT_STANDARD_LIBRARIES = YES;
				CODE_SIGN_STYLE = Automatic;
				CURRENT_PROJECT_VERSION = 1;
				DEVELOPMENT_TEAM = RX3P7G885M;
				GENERATE_INFOPLIST_FILE = YES;
				IPHONEOS_DEPLOYMENT_TARGET = 17.5;
				MACOSX_DEPLOYMENT_TARGET = 14.5;
				MARKETING_VERSION = 1.0;
				PRODUCT_BUNDLE_IDENTIFIER = runedance.ReaderUITests;
				PRODUCT_NAME = "$(TARGET_NAME)";
				SDKROOT = auto;
				SUPPORTED_PLATFORMS = "iphoneos iphonesimulator macosx";
				SWIFT_EMIT_LOC_STRINGS = NO;
				SWIFT_VERSION = 5.0;
				TARGETED_DEVICE_FAMILY = "1,2";
				TEST_TARGET_NAME = Reader;
			};
			name = Debug;
		};
		A52F15772C41589600646D74 /* Release */ = {
			isa = XCBuildConfiguration;
			buildSettings = {
				ALWAYS_EMBED_SWIFT_STANDARD_LIBRARIES = YES;
				CODE_SIGN_STYLE = Automatic;
				CURRENT_PROJECT_VERSION = 1;
				DEVELOPMENT_TEAM = RX3P7G885M;
				GENERATE_INFOPLIST_FILE = YES;
				IPHONEOS_DEPLOYMENT_TARGET = 17.5;
				MACOSX_DEPLOYMENT_TARGET = 14.5;
				MARKETING_VERSION = 1.0;
				PRODUCT_BUNDLE_IDENTIFIER = runedance.ReaderUITests;
				PRODUCT_NAME = "$(TARGET_NAME)";
				SDKROOT = auto;
				SUPPORTED_PLATFORMS = "iphoneos iphonesimulator macosx";
				SWIFT_EMIT_LOC_STRINGS = NO;
				SWIFT_VERSION = 5.0;
				TARGETED_DEVICE_FAMILY = "1,2";
				TEST_TARGET_NAME = Reader;
			};
			name = Release;
		};
/* End XCBuildConfiguration section */

/* Begin XCConfigurationList section */
		A52F15452C41589500646D74 /* Build configuration list for PBXProject "Reader" */ = {
			isa = XCConfigurationList;
			buildConfigurations = (
				A52F156D2C41589600646D74 /* Debug */,
				A52F156E2C41589600646D74 /* Release */,
			);
			defaultConfigurationIsVisible = 0;
			defaultConfigurationName = Release;
		};
		A52F156F2C41589600646D74 /* Build configuration list for PBXNativeTarget "Reader" */ = {
			isa = XCConfigurationList;
			buildConfigurations = (
				A52F15702C41589600646D74 /* Debug */,
				A52F15712C41589600646D74 /* Release */,
			);
			defaultConfigurationIsVisible = 0;
			defaultConfigurationName = Release;
		};
		A52F15722C41589600646D74 /* Build configuration list for PBXNativeTarget "ReaderTests" */ = {
			isa = XCConfigurationList;
			buildConfigurations = (
				A52F15732C41589600646D74 /* Debug */,
				A52F15742C41589600646D74 /* Release */,
			);
			defaultConfigurationIsVisible = 0;
			defaultConfigurationName = Release;
		};
		A52F15752C41589600646D74 /* Build configuration list for PBXNativeTarget "ReaderUITests" */ = {
			isa = XCConfigurationList;
			buildConfigurations = (
				A52F15762C41589600646D74 /* Debug */,
				A52F15772C41589600646D74 /* Release */,
			);
			defaultConfigurationIsVisible = 0;
			defaultConfigurationName = Release;
		};
/* End XCConfigurationList section */

/* Begin XCRemoteSwiftPackageReference section */
		A52F159B2C415DB200646D74 /* XCRemoteSwiftPackageReference "ImagePickerView" */ = {
			isa = XCRemoteSwiftPackageReference;
			repositoryURL = "https://github.com/ralfebert/ImagePickerView.git";
			requirement = {
				kind = upToNextMajorVersion;
				minimumVersion = 0.5.0;
			};
		};
/* End XCRemoteSwiftPackageReference section */

/* Begin XCSwiftPackageProductDependency section */
		A52F159C2C415DB200646D74 /* ImagePickerView */ = {
			isa = XCSwiftPackageProductDependency;
			package = A52F159B2C415DB200646D74 /* XCRemoteSwiftPackageReference "ImagePickerView" */;
			productName = ImagePickerView;
		};
/* End XCSwiftPackageProductDependency section */
	};
	rootObject = A52F15422C41589500646D74 /* Project object */;
}
